{
  "requires": true,
  "lockfileVersion": 1,
  "dependencies": {
    "es6-interface": {
      "version": "3.0.9",
      "resolved": "https://registry.npmjs.org/es6-interface/-/es6-interface-3.0.9.tgz",
      "integrity": "sha512-wwvRSkyPuY+mKusO5QPkw0/Mv7cfgApdGuITNYKYlpv0rTHyER3RUkZj46Vyx5Jym4Pldvud3zcgvyE6ncg4wQ=="
    }
  }
}
